
Microsoft Visual Studio Solution File, Format Version 12.00
# Visual Studio Version 17
VisualStudioVersion = 17.14.36408.4 d17.14
MinimumVisualStudioVersion = 10.0.40219.1
Project("{FAE04EC0-301F-11D3-BF4B-00C04F79EFBC}") = "ProyectoTecWeb", "ProyectoTecWeb.csproj", "{38131D6A-6D82-CFA1-9145-64F11DAF2A6A}"
EndProject
Global
	GlobalSection(SolutionConfigurationPlatforms) = preSolution
		Debug|Any CPU = Debug|Any CPU
		Release|Any CPU = Release|Any CPU
	EndGlobalSection
	GlobalSection(ProjectConfigurationPlatforms) = postSolution
		{38131D6A-6D82-CFA1-9145-64F11DAF2A6A}.Debug|Any CPU.ActiveCfg = Debug|Any CPU
		{38131D6A-6D82-CFA1-9145-64F11DAF2A6A}.Debug|Any CPU.Build.0 = Debug|Any CPU
		{38131D6A-6D82-CFA1-9145-64F11DAF2A6A}.Release|Any CPU.ActiveCfg = Release|Any CPU
		{38131D6A-6D82-CFA1-9145-64F11DAF2A6A}.Release|Any CPU.Build.0 = Release|Any CPU
	EndGlobalSection
	GlobalSection(SolutionProperties) = preSolution
		HideSolutionNode = FALSE
	EndGlobalSection
	GlobalSection(ExtensibilityGlobals) = postSolution
		SolutionGuid = {CB6A5BC6-2F1A-429D-A404-98544512ABA9}
	EndGlobalSection
EndGlobal
